
Microsoft Visual Studio Solution File, Format Version 12.00
# Visual Studio Version 16
VisualStudioVersion = 16.0.29025.244
MinimumVisualStudioVersion = 10.0.40219.1
Project("{FAE04EC0-301F-11D3-BF4B-00C04F79EFBC}") = "cSharpMemory", "cSharpMemory\cSharpMemory.csproj", "{78DA2AF0-0DD1-4ECD-948E-DECF03C320D7}"
EndProject
Project("{FAE04EC0-301F-11D3-BF4B-00C04F79EFBC}") = "MemConsole", "MemConsole\MemConsole.csproj", "{47307764-C174-4669-A2CA-0E4A1379A856}"
EndProject
Global
	GlobalSection(SolutionConfigurationPlatforms) = preSolution
		Debug|Any CPU = Debug|Any CPU
		Debug|x64 = Debug|x64
		Release|Any CPU = Release|Any CPU
		Release|x64 = Release|x64
	EndGlobalSection
	GlobalSection(ProjectConfigurationPlatforms) = postSolution
		{78DA2AF0-0DD1-4ECD-948E-DECF03C320D7}.Debug|Any CPU.ActiveCfg = Debug|Any CPU
		{78DA2AF0-0DD1-4ECD-948E-DECF03C320D7}.Debug|Any CPU.Build.0 = Debug|Any CPU
		{78DA2AF0-0DD1-4ECD-948E-DECF03C320D7}.Debug|x64.ActiveCfg = Debug|Any CPU
		{78DA2AF0-0DD1-4ECD-948E-DECF03C320D7}.Debug|x64.Build.0 = Debug|Any CPU
		{78DA2AF0-0DD1-4ECD-948E-DECF03C320D7}.Release|Any CPU.ActiveCfg = Release|Any CPU
		{78DA2AF0-0DD1-4ECD-948E-DECF03C320D7}.Release|Any CPU.Build.0 = Release|Any CPU
		{78DA2AF0-0DD1-4ECD-948E-DECF03C320D7}.Release|x64.ActiveCfg = Release|Any CPU
		{78DA2AF0-0DD1-4ECD-948E-DECF03C320D7}.Release|x64.Build.0 = Release|Any CPU
		{47307764-C174-4669-A2CA-0E4A1379A856}.Debug|Any CPU.ActiveCfg = Debug|Any CPU
		{47307764-C174-4669-A2CA-0E4A1379A856}.Debug|Any CPU.Build.0 = Debug|Any CPU
		{47307764-C174-4669-A2CA-0E4A1379A856}.Debug|x64.ActiveCfg = Debug|x64
		{47307764-C174-4669-A2CA-0E4A1379A856}.Debug|x64.Build.0 = Debug|x64
		{47307764-C174-4669-A2CA-0E4A1379A856}.Release|Any CPU.ActiveCfg = Release|Any CPU
		{47307764-C174-4669-A2CA-0E4A1379A856}.Release|Any CPU.Build.0 = Release|Any CPU
		{47307764-C174-4669-A2CA-0E4A1379A856}.Release|x64.ActiveCfg = Release|x64
		{47307764-C174-4669-A2CA-0E4A1379A856}.Release|x64.Build.0 = Release|x64
	EndGlobalSection
	GlobalSection(SolutionProperties) = preSolution
		HideSolutionNode = FALSE
	EndGlobalSection
	GlobalSection(ExtensibilityGlobals) = postSolution
		SolutionGuid = {BD2B5731-2B38-45F5-8CA7-1ED2C2CA4C8B}
	EndGlobalSection
EndGlobal
